
Microsoft Visual Studio Solution File, Format Version 12.00
# Visual Studio Version 16
VisualStudioVersion = 16.0.32407.337
MinimumVisualStudioVersion = 10.0.40219.1
Project("{8BC9CEB8-8B4A-11D0-8D11-00A0C91BC942}") = "Example 1", "Example 1\Example 1.vcxproj", "{502C55EF-FEDB-4980-B6C4-DA093F37D23D}"
EndProject
Project("{8BC9CEB8-8B4A-11D0-8D11-00A0C91BC942}") = "Example 2", "Example 2\Example 2.vcxproj", "{C15C1D7C-FE32-4BE0-8098-0CCBDC998511}"
EndProject
Project("{8BC9CEB8-8B4A-11D0-8D11-00A0C91BC942}") = "Example 3", "Example 3\Example 3.vcxproj", "{98543303-7D54-4AFC-9DB7-BC409A67BEAE}"
EndProject
Project("{8BC9CEB8-8B4A-11D0-8D11-00A0C91BC942}") = "Example 4", "randomdie\randomdie.vcxproj", "{EA1A83FE-068F-4760-83F2-6BF261A66C66}"
EndProject
Project("{8BC9CEB8-8B4A-11D0-8D11-00A0C91BC942}") = "Example 5", "Example 5\Example 5.vcxproj", "{685CB885-0959-4D8C-B600-4D11314FAA77}"
EndProject
Project("{8BC9CEB8-8B4A-11D0-8D11-00A0C91BC942}") = "Example 6", "Example 6\Example 6.vcxproj", "{F3B26D32-B1C5-45A4-96D8-6B6BB541DDCE}"
EndProject
Project("{8BC9CEB8-8B4A-11D0-8D11-00A0C91BC942}") = "Example 7", "Example 7\Example 7.vcxproj", "{99CB6452-F21A-4FA6-B219-FAC09B505BA5}"
EndProject
Project("{8BC9CEB8-8B4A-11D0-8D11-00A0C91BC942}") = "Example 8", "Example 8\Example 8.vcxproj", "{DFE10711-A82F-4B1D-A666-056B3723C15E}"
EndProject
Project("{8BC9CEB8-8B4A-11D0-8D11-00A0C91BC942}") = "Example 9", "Example 9\Example 9.vcxproj", "{456B5FE1-ADB6-4FCB-94B6-976361DBA01C}"
EndProject
Project("{8BC9CEB8-8B4A-11D0-8D11-00A0C91BC942}") = "Example 10", "Example 10\Example 10.vcxproj", "{FCD4A5B8-FB26-425C-A29A-C2A847DCFBCD}"
EndProject
Project("{8BC9CEB8-8B4A-11D0-8D11-00A0C91BC942}") = "Example 11", "Example 11\Example 11.vcxproj", "{F728CE24-5FD8-4CB9-805A-F9E022F9345F}"
EndProject
Project("{8BC9CEB8-8B4A-11D0-8D11-00A0C91BC942}") = "Example 12", "Example 12\Example 12.vcxproj", "{3DB59460-520F-415B-A625-E3ED6B13850D}"
EndProject
Project("{8BC9CEB8-8B4A-11D0-8D11-00A0C91BC942}") = "Example 13", "Example 13\Example 13.vcxproj", "{08119737-6FE1-4972-84FF-8D1A7695A112}"
EndProject
Project("{8BC9CEB8-8B4A-11D0-8D11-00A0C91BC942}") = "Example 14", "Example 14\Example 14.vcxproj", "{93075C6B-5FE0-4B20-AC28-C94C5CC8F840}"
EndProject
Project("{8BC9CEB8-8B4A-11D0-8D11-00A0C91BC942}") = "Example 15", "Example 15\Example 15.vcxproj", "{C8C04800-0594-485F-880D-67A3254A81EC}"
EndProject
Project("{8BC9CEB8-8B4A-11D0-8D11-00A0C91BC942}") = "Example 16", "Example 16\Example 16.vcxproj", "{C231AA2D-3A8D-44DA-BD82-B4A09396345C}"
EndProject
Project("{8BC9CEB8-8B4A-11D0-8D11-00A0C91BC942}") = "Example 17", "Example 17\Example 17.vcxproj", "{D723C605-AA1C-48CF-BCA0-3421ED7D1C46}"
EndProject
Global
	GlobalSection(SolutionConfigurationPlatforms) = preSolution
		Debug|x64 = Debug|x64
		Debug|x86 = Debug|x86
		Release|x64 = Release|x64
		Release|x86 = Release|x86
	EndGlobalSection
	GlobalSection(ProjectConfigurationPlatforms) = postSolution
		{502C55EF-FEDB-4980-B6C4-DA093F37D23D}.Debug|x64.ActiveCfg = Debug|x64
		{502C55EF-FEDB-4980-B6C4-DA093F37D23D}.Debug|x64.Build.0 = Debug|x64
		{502C55EF-FEDB-4980-B6C4-DA093F37D23D}.Debug|x86.ActiveCfg = Debug|Win32
		{502C55EF-FEDB-4980-B6C4-DA093F37D23D}.Debug|x86.Build.0 = Debug|Win32
		{502C55EF-FEDB-4980-B6C4-DA093F37D23D}.Release|x64.ActiveCfg = Release|x64
		{502C55EF-FEDB-4980-B6C4-DA093F37D23D}.Release|x64.Build.0 = Release|x64
		{502C55EF-FEDB-4980-B6C4-DA093F37D23D}.Release|x86.ActiveCfg = Release|Win32
		{502C55EF-FEDB-4980-B6C4-DA093F37D23D}.Release|x86.Build.0 = Release|Win32
		{C15C1D7C-FE32-4BE0-8098-0CCBDC998511}.Debug|x64.ActiveCfg = Debug|x64
		{C15C1D7C-FE32-4BE0-8098-0CCBDC998511}.Debug|x64.Build.0 = Debug|x64
		{C15C1D7C-FE32-4BE0-8098-0CCBDC998511}.Debug|x86.ActiveCfg = Debug|Win32
		{C15C1D7C-FE32-4BE0-8098-0CCBDC998511}.Debug|x86.Build.0 = Debug|Win32
		{C15C1D7C-FE32-4BE0-8098-0CCBDC998511}.Release|x64.ActiveCfg = Release|x64
		{C15C1D7C-FE32-4BE0-8098-0CCBDC998511}.Release|x64.Build.0 = Release|x64
		{C15C1D7C-FE32-4BE0-8098-0CCBDC998511}.Release|x86.ActiveCfg = Release|Win32
		{C15C1D7C-FE32-4BE0-8098-0CCBDC998511}.Release|x86.Build.0 = Release|Win32
		{98543303-7D54-4AFC-9DB7-BC409A67BEAE}.Debug|x64.ActiveCfg = Debug|x64
		{98543303-7D54-4AFC-9DB7-BC409A67BEAE}.Debug|x64.Build.0 = Debug|x64
		{98543303-7D54-4AFC-9DB7-BC409A67BEAE}.Debug|x86.ActiveCfg = Debug|Win32
		{98543303-7D54-4AFC-9DB7-BC409A67BEAE}.Debug|x86.Build.0 = Debug|Win32
		{98543303-7D54-4AFC-9DB7-BC409A67BEAE}.Release|x64.ActiveCfg = Release|x64
		{98543303-7D54-4AFC-9DB7-BC409A67BEAE}.Release|x64.Build.0 = Release|x64
		{98543303-7D54-4AFC-9DB7-BC409A67BEAE}.Release|x86.ActiveCfg = Release|Win32
		{98543303-7D54-4AFC-9DB7-BC409A67BEAE}.Release|x86.Build.0 = Release|Win32
		{EA1A83FE-068F-4760-83F2-6BF261A66C66}.Debug|x64.ActiveCfg = Debug|x64
		{EA1A83FE-068F-4760-83F2-6BF261A66C66}.Debug|x64.Build.0 = Debug|x64
		{EA1A83FE-068F-4760-83F2-6BF261A66C66}.Debug|x86.ActiveCfg = Debug|Win32
		{EA1A83FE-068F-4760-83F2-6BF261A66C66}.Debug|x86.Build.0 = Debug|Win32
		{EA1A83FE-068F-4760-83F2-6BF261A66C66}.Release|x64.ActiveCfg = Release|x64
		{EA1A83FE-068F-4760-83F2-6BF261A66C66}.Release|x64.Build.0 = Release|x64
		{EA1A83FE-068F-4760-83F2-6BF261A66C66}.Release|x86.ActiveCfg = Release|Win32
		{EA1A83FE-068F-4760-83F2-6BF261A66C66}.Release|x86.Build.0 = Release|Win32
		{685CB885-0959-4D8C-B600-4D11314FAA77}.Debug|x64.ActiveCfg = Debug|x64
		{685CB885-0959-4D8C-B600-4D11314FAA77}.Debug|x64.Build.0 = Debug|x64
		{685CB885-0959-4D8C-B600-4D11314FAA77}.Debug|x86.ActiveCfg = Debug|Win32
		{685CB885-0959-4D8C-B600-4D11314FAA77}.Debug|x86.Build.0 = Debug|Win32
		{685CB885-0959-4D8C-B600-4D11314FAA77}.Release|x64.ActiveCfg = Release|x64
		{685CB885-0959-4D8C-B600-4D11314FAA77}.Release|x64.Build.0 = Release|x64
		{685CB885-0959-4D8C-B600-4D11314FAA77}.Release|x86.ActiveCfg = Release|Win32
		{685CB885-0959-4D8C-B600-4D11314FAA77}.Release|x86.Build.0 = Release|Win32
		{F3B26D32-B1C5-45A4-96D8-6B6BB541DDCE}.Debug|x64.ActiveCfg = Debug|x64
		{F3B26D32-B1C5-45A4-96D8-6B6BB541DDCE}.Debug|x64.Build.0 = Debug|x64
		{F3B26D32-B1C5-45A4-96D8-6B6BB541DDCE}.Debug|x86.ActiveCfg = Debug|Win32
		{F3B26D32-B1C5-45A4-96D8-6B6BB541DDCE}.Debug|x86.Build.0 = Debug|Win32
		{F3B26D32-B1C5-45A4-96D8-6B6BB541DDCE}.Release|x64.ActiveCfg = Release|x64
		{F3B26D32-B1C5-45A4-96D8-6B6BB541DDCE}.Release|x64.Build.0 = Release|x64
		{F3B26D32-B1C5-45A4-96D8-6B6BB541DDCE}.Release|x86.ActiveCfg = Release|Win32
		{F3B26D32-B1C5-45A4-96D8-6B6BB541DDCE}.Release|x86.Build.0 = Release|Win32
		{99CB6452-F21A-4FA6-B219-FAC09B505BA5}.Debug|x64.ActiveCfg = Debug|x64
		{99CB6452-F21A-4FA6-B219-FAC09B505BA5}.Debug|x64.Build.0 = Debug|x64
		{99CB6452-F21A-4FA6-B219-FAC09B505BA5}.Debug|x86.ActiveCfg = Debug|Win32
		{99CB6452-F21A-4FA6-B219-FAC09B505BA5}.Debug|x86.Build.0 = Debug|Win32
		{99CB6452-F21A-4FA6-B219-FAC09B505BA5}.Release|x64.ActiveCfg = Release|x64
		{99CB6452-F21A-4FA6-B219-FAC09B505BA5}.Release|x64.Build.0 = Release|x64
		{99CB6452-F21A-4FA6-B219-FAC09B505BA5}.Release|x86.ActiveCfg = Release|Win32
		{99CB6452-F21A-4FA6-B219-FAC09B505BA5}.Release|x86.Build.0 = Release|Win32
		{DFE10711-A82F-4B1D-A666-056B3723C15E}.Debug|x64.ActiveCfg = Debug|x64
		{DFE10711-A82F-4B1D-A666-056B3723C15E}.Debug|x64.Build.0 = Debug|x64
		{DFE10711-A82F-4B1D-A666-056B3723C15E}.Debug|x86.ActiveCfg = Debug|Win32
		{DFE10711-A82F-4B1D-A666-056B3723C15E}.Debug|x86.Build.0 = Debug|Win32
		{DFE10711-A82F-4B1D-A666-056B3723C15E}.Release|x64.ActiveCfg = Release|x64
		{DFE10711-A82F-4B1D-A666-056B3723C15E}.Release|x64.Build.0 = Release|x64
		{DFE10711-A82F-4B1D-A666-056B3723C15E}.Release|x86.ActiveCfg = Release|Win32
		{DFE10711-A82F-4B1D-A666-056B3723C15E}.Release|x86.Build.0 = Release|Win32
		{456B5FE1-ADB6-4FCB-94B6-976361DBA01C}.Debug|x64.ActiveCfg = Debug|x64
		{456B5FE1-ADB6-4FCB-94B6-976361DBA01C}.Debug|x64.Build.0 = Debug|x64
		{456B5FE1-ADB6-4FCB-94B6-976361DBA01C}.Debug|x86.ActiveCfg = Debug|Win32
		{456B5FE1-ADB6-4FCB-94B6-976361DBA01C}.Debug|x86.Build.0 = Debug|Win32
		{456B5FE1-ADB6-4FCB-94B6-976361DBA01C}.Release|x64.ActiveCfg = Release|x64
		{456B5FE1-ADB6-4FCB-94B6-976361DBA01C}.Release|x64.Build.0 = Release|x64
		{456B5FE1-ADB6-4FCB-94B6-976361DBA01C}.Release|x86.ActiveCfg = Release|Win32
		{456B5FE1-ADB6-4FCB-94B6-976361DBA01C}.Release|x86.Build.0 = Release|Win32
		{FCD4A5B8-FB26-425C-A29A-C2A847DCFBCD}.Debug|x64.ActiveCfg = Debug|x64
		{FCD4A5B8-FB26-425C-A29A-C2A847DCFBCD}.Debug|x64.Build.0 = Debug|x64
		{FCD4A5B8-FB26-425C-A29A-C2A847DCFBCD}.Debug|x86.ActiveCfg = Debug|Win32
		{FCD4A5B8-FB26-425C-A29A-C2A847DCFBCD}.Debug|x86.Build.0 = Debug|Win32
		{FCD4A5B8-FB26-425C-A29A-C2A847DCFBCD}.Release|x64.ActiveCfg = Release|x64
		{FCD4A5B8-FB26-425C-A29A-C2A847DCFBCD}.Release|x64.Build.0 = Release|x64
		{FCD4A5B8-FB26-425C-A29A-C2A847DCFBCD}.Release|x86.ActiveCfg = Release|Win32
		{FCD4A5B8-FB26-425C-A29A-C2A847DCFBCD}.Release|x86.Build.0 = Release|Win32
		{F728CE24-5FD8-4CB9-805A-F9E022F9345F}.Debug|x64.ActiveCfg = Debug|x64
		{F728CE24-5FD8-4CB9-805A-F9E022F9345F}.Debug|x64.Build.0 = Debug|x64
		{F728CE24-5FD8-4CB9-805A-F9E022F9345F}.Debug|x86.ActiveCfg = Debug|Win32
		{F728CE24-5FD8-4CB9-805A-F9E022F9345F}.Debug|x86.Build.0 = Debug|Win32
		{F728CE24-5FD8-4CB9-805A-F9E022F9345F}.Release|x64.ActiveCfg = Release|x64
		{F728CE24-5FD8-4CB9-805A-F9E022F9345F}.Release|x64.Build.0 = Release|x64
		{F728CE24-5FD8-4CB9-805A-F9E022F9345F}.Release|x86.ActiveCfg = Release|Win32
		{F728CE24-5FD8-4CB9-805A-F9E022F9345F}.Release|x86.Build.0 = Release|Win32
		{3DB59460-520F-415B-A625-E3ED6B13850D}.Debug|x64.ActiveCfg = Debug|x64
		{3DB59460-520F-415B-A625-E3ED6B13850D}.Debug|x64.Build.0 = Debug|x64
		{3DB59460-520F-415B-A625-E3ED6B13850D}.Debug|x86.ActiveCfg = Debug|Win32
		{3DB59460-520F-415B-A625-E3ED6B13850D}.Debug|x86.Build.0 = Debug|Win32
		{3DB59460-520F-415B-A625-E3ED6B13850D}.Release|x64.ActiveCfg = Release|x64
		{3DB59460-520F-415B-A625-E3ED6B13850D}.Release|x64.Build.0 = Release|x64
		{3DB59460-520F-415B-A625-E3ED6B13850D}.Release|x86.ActiveCfg = Release|Win32
		{3DB59460-520F-415B-A625-E3ED6B13850D}.Release|x86.Build.0 = Release|Win32
		{08119737-6FE1-4972-84FF-8D1A7695A112}.Debug|x64.ActiveCfg = Debug|x64
		{08119737-6FE1-4972-84FF-8D1A7695A112}.Debug|x64.Build.0 = Debug|x64
		{08119737-6FE1-4972-84FF-8D1A7695A112}.Debug|x86.ActiveCfg = Debug|Win32
		{08119737-6FE1-4972-84FF-8D1A7695A112}.Debug|x86.Build.0 = Debug|Win32
		{08119737-6FE1-4972-84FF-8D1A7695A112}.Release|x64.ActiveCfg = Release|x64
		{08119737-6FE1-4972-84FF-8D1A7695A112}.Release|x64.Build.0 = Release|x64
		{08119737-6FE1-4972-84FF-8D1A7695A112}.Release|x86.ActiveCfg = Release|Win32
		{08119737-6FE1-4972-84FF-8D1A7695A112}.Release|x86.Build.0 = Release|Win32
		{93075C6B-5FE0-4B20-AC28-C94C5CC8F840}.Debug|x64.ActiveCfg = Debug|x64
		{93075C6B-5FE0-4B20-AC28-C94C5CC8F840}.Debug|x64.Build.0 = Debug|x64
		{93075C6B-5FE0-4B20-AC28-C94C5CC8F840}.Debug|x86.ActiveCfg = Debug|Win32
		{93075C6B-5FE0-4B20-AC28-C94C5CC8F840}.Debug|x86.Build.0 = Debug|Win32
		{93075C6B-5FE0-4B20-AC28-C94C5CC8F840}.Release|x64.ActiveCfg = Release|x64
		{93075C6B-5FE0-4B20-AC28-C94C5CC8F840}.Release|x64.Build.0 = Release|x64
		{93075C6B-5FE0-4B20-AC28-C94C5CC8F840}.Release|x86.ActiveCfg = Release|Win32
		{93075C6B-5FE0-4B20-AC28-C94C5CC8F840}.Release|x86.Build.0 = Release|Win32
		{C8C04800-0594-485F-880D-67A3254A81EC}.Debug|x64.ActiveCfg = Debug|x64
		{C8C04800-0594-485F-880D-67A3254A81EC}.Debug|x64.Build.0 = Debug|x64
		{C8C04800-0594-485F-880D-67A3254A81EC}.Debug|x86.ActiveCfg = Debug|Win32
		{C8C04800-0594-485F-880D-67A3254A81EC}.Debug|x86.Build.0 = Debug|Win32
		{C8C04800-0594-485F-880D-67A3254A81EC}.Release|x64.ActiveCfg = Release|x64
		{C8C04800-0594-485F-880D-67A3254A81EC}.Release|x64.Build.0 = Release|x64
		{C8C04800-0594-485F-880D-67A3254A81EC}.Release|x86.ActiveCfg = Release|Win32
		{C8C04800-0594-485F-880D-67A3254A81EC}.Release|x86.Build.0 = Release|Win32
		{C231AA2D-3A8D-44DA-BD82-B4A09396345C}.Debug|x64.ActiveCfg = Debug|x64
		{C231AA2D-3A8D-44DA-BD82-B4A09396345C}.Debug|x64.Build.0 = Debug|x64
		{C231AA2D-3A8D-44DA-BD82-B4A09396345C}.Debug|x86.ActiveCfg = Debug|Win32
		{C231AA2D-3A8D-44DA-BD82-B4A09396345C}.Debug|x86.Build.0 = Debug|Win32
		{C231AA2D-3A8D-44DA-BD82-B4A09396345C}.Release|x64.ActiveCfg = Release|x64
		{C231AA2D-3A8D-44DA-BD82-B4A09396345C}.Release|x64.Build.0 = Release|x64
		{C231AA2D-3A8D-44DA-BD82-B4A09396345C}.Release|x86.ActiveCfg = Release|Win32
		{C231AA2D-3A8D-44DA-BD82-B4A09396345C}.Release|x86.Build.0 = Release|Win32
		{D723C605-AA1C-48CF-BCA0-3421ED7D1C46}.Debug|x64.ActiveCfg = Debug|x64
		{D723C605-AA1C-48CF-BCA0-3421ED7D1C46}.Debug|x64.Build.0 = Debug|x64
		{D723C605-AA1C-48CF-BCA0-3421ED7D1C46}.Debug|x86.ActiveCfg = Debug|Win32
		{D723C605-AA1C-48CF-BCA0-3421ED7D1C46}.Debug|x86.Build.0 = Debug|Win32
		{D723C605-AA1C-48CF-BCA0-3421ED7D1C46}.Release|x64.ActiveCfg = Release|x64
		{D723C605-AA1C-48CF-BCA0-3421ED7D1C46}.Release|x64.Build.0 = Release|x64
		{D723C605-AA1C-48CF-BCA0-3421ED7D1C46}.Release|x86.ActiveCfg = Release|Win32
		{D723C605-AA1C-48CF-BCA0-3421ED7D1C46}.Release|x86.Build.0 = Release|Win32
	EndGlobalSection
	GlobalSection(SolutionProperties) = preSolution
		HideSolutionNode = FALSE
	EndGlobalSection
	GlobalSection(ExtensibilityGlobals) = postSolution
		SolutionGuid = {23B95272-3801-4E10-A0E2-4861846C6EAB}
	EndGlobalSection
EndGlobal
